
Microsoft Visual Studio Solution File, Format Version 12.00
# Visual Studio 14
VisualStudioVersion = 14.0.23107.0
MinimumVisualStudioVersion = 10.0.40219.1
Project("{FAE04EC0-301F-11D3-BF4B-00C04F79EFBC}") = "SoapServer", "SoapServer\SoapServer.csproj", "{CE59E200-38A7-4F13-90CC-00E075DF5354}"
EndProject
Project("{FAE04EC0-301F-11D3-BF4B-00C04F79EFBC}") = "SoapClient", "SoapClient\SoapClient.csproj", "{8640FD2B-EF79-4386-8D15-33E57DD1DA06}"
EndProject
Global
	GlobalSection(SolutionConfigurationPlatforms) = preSolution
		Debug|Any CPU = Debug|Any CPU
		Release|Any CPU = Release|Any CPU
	EndGlobalSection
	GlobalSection(ProjectConfigurationPlatforms) = postSolution
		{CE59E200-38A7-4F13-90CC-00E075DF5354}.Debug|Any CPU.ActiveCfg = Debug|Any CPU
		{CE59E200-38A7-4F13-90CC-00E075DF5354}.Debug|Any CPU.Build.0 = Debug|Any CPU
		{CE59E200-38A7-4F13-90CC-00E075DF5354}.Release|Any CPU.ActiveCfg = Release|Any CPU
		{CE59E200-38A7-4F13-90CC-00E075DF5354}.Release|Any CPU.Build.0 = Release|Any CPU
		{8640FD2B-EF79-4386-8D15-33E57DD1DA06}.Debug|Any CPU.ActiveCfg = Debug|Any CPU
		{8640FD2B-EF79-4386-8D15-33E57DD1DA06}.Debug|Any CPU.Build.0 = Debug|Any CPU
		{8640FD2B-EF79-4386-8D15-33E57DD1DA06}.Release|Any CPU.ActiveCfg = Release|Any CPU
		{8640FD2B-EF79-4386-8D15-33E57DD1DA06}.Release|Any CPU.Build.0 = Release|Any CPU
	EndGlobalSection
	GlobalSection(SolutionProperties) = preSolution
		HideSolutionNode = FALSE
	EndGlobalSection
EndGlobal
