
Microsoft Visual Studio Solution File, Format Version 12.00
# Visual Studio 14
VisualStudioVersion = 14.0.23107.0
MinimumVisualStudioVersion = 10.0.40219.1
Project("{FAE04EC0-301F-11D3-BF4B-00C04F79EFBC}") = "GUI_Client", "GUI_Client\GUI_Client.csproj", "{D0B0AA77-AB4D-4060-8456-9726BFFC8E9F}"
	ProjectSection(ProjectDependencies) = postProject
		{E4A53810-B9C1-46D5-8CF9-E46102E5D834} = {E4A53810-B9C1-46D5-8CF9-E46102E5D834}
	EndProjectSection
EndProject
Project("{8BC9CEB8-8B4A-11D0-8D11-00A0C91BC942}") = "rsa", "rsa\rsa.vcxproj", "{E4A53810-B9C1-46D5-8CF9-E46102E5D834}"
EndProject
Project("{FAE04EC0-301F-11D3-BF4B-00C04F79EFBC}") = "Server", "Server\Server.csproj", "{B91C0D64-2666-4D66-8D37-B2D34A1C91AC}"
	ProjectSection(ProjectDependencies) = postProject
		{E4A53810-B9C1-46D5-8CF9-E46102E5D834} = {E4A53810-B9C1-46D5-8CF9-E46102E5D834}
	EndProjectSection
EndProject
Global
	GlobalSection(SolutionConfigurationPlatforms) = preSolution
		Debug|Any CPU = Debug|Any CPU
		Debug|x64 = Debug|x64
		Debug|x86 = Debug|x86
		Release|Any CPU = Release|Any CPU
		Release|x64 = Release|x64
		Release|x86 = Release|x86
	EndGlobalSection
	GlobalSection(ProjectConfigurationPlatforms) = postSolution
		{D0B0AA77-AB4D-4060-8456-9726BFFC8E9F}.Debug|Any CPU.ActiveCfg = Debug|Any CPU
		{D0B0AA77-AB4D-4060-8456-9726BFFC8E9F}.Debug|Any CPU.Build.0 = Debug|Any CPU
		{D0B0AA77-AB4D-4060-8456-9726BFFC8E9F}.Debug|x64.ActiveCfg = Debug|Any CPU
		{D0B0AA77-AB4D-4060-8456-9726BFFC8E9F}.Debug|x64.Build.0 = Debug|Any CPU
		{D0B0AA77-AB4D-4060-8456-9726BFFC8E9F}.Debug|x86.ActiveCfg = Debug|Any CPU
		{D0B0AA77-AB4D-4060-8456-9726BFFC8E9F}.Debug|x86.Build.0 = Debug|Any CPU
		{D0B0AA77-AB4D-4060-8456-9726BFFC8E9F}.Release|Any CPU.ActiveCfg = Release|Any CPU
		{D0B0AA77-AB4D-4060-8456-9726BFFC8E9F}.Release|Any CPU.Build.0 = Release|Any CPU
		{D0B0AA77-AB4D-4060-8456-9726BFFC8E9F}.Release|x64.ActiveCfg = Release|Any CPU
		{D0B0AA77-AB4D-4060-8456-9726BFFC8E9F}.Release|x64.Build.0 = Release|Any CPU
		{D0B0AA77-AB4D-4060-8456-9726BFFC8E9F}.Release|x86.ActiveCfg = Release|Any CPU
		{D0B0AA77-AB4D-4060-8456-9726BFFC8E9F}.Release|x86.Build.0 = Release|Any CPU
		{E4A53810-B9C1-46D5-8CF9-E46102E5D834}.Debug|Any CPU.ActiveCfg = Debug|Win32
		{E4A53810-B9C1-46D5-8CF9-E46102E5D834}.Debug|x64.ActiveCfg = Debug|x64
		{E4A53810-B9C1-46D5-8CF9-E46102E5D834}.Debug|x64.Build.0 = Debug|x64
		{E4A53810-B9C1-46D5-8CF9-E46102E5D834}.Debug|x86.ActiveCfg = Debug|Win32
		{E4A53810-B9C1-46D5-8CF9-E46102E5D834}.Debug|x86.Build.0 = Debug|Win32
		{E4A53810-B9C1-46D5-8CF9-E46102E5D834}.Release|Any CPU.ActiveCfg = Release|Win32
		{E4A53810-B9C1-46D5-8CF9-E46102E5D834}.Release|x64.ActiveCfg = Release|x64
		{E4A53810-B9C1-46D5-8CF9-E46102E5D834}.Release|x64.Build.0 = Release|x64
		{E4A53810-B9C1-46D5-8CF9-E46102E5D834}.Release|x86.ActiveCfg = Release|Win32
		{E4A53810-B9C1-46D5-8CF9-E46102E5D834}.Release|x86.Build.0 = Release|Win32
		{B91C0D64-2666-4D66-8D37-B2D34A1C91AC}.Debug|Any CPU.ActiveCfg = Debug|Any CPU
		{B91C0D64-2666-4D66-8D37-B2D34A1C91AC}.Debug|Any CPU.Build.0 = Debug|Any CPU
		{B91C0D64-2666-4D66-8D37-B2D34A1C91AC}.Debug|x64.ActiveCfg = Debug|Any CPU
		{B91C0D64-2666-4D66-8D37-B2D34A1C91AC}.Debug|x64.Build.0 = Debug|Any CPU
		{B91C0D64-2666-4D66-8D37-B2D34A1C91AC}.Debug|x86.ActiveCfg = Debug|Any CPU
		{B91C0D64-2666-4D66-8D37-B2D34A1C91AC}.Debug|x86.Build.0 = Debug|Any CPU
		{B91C0D64-2666-4D66-8D37-B2D34A1C91AC}.Release|Any CPU.ActiveCfg = Release|Any CPU
		{B91C0D64-2666-4D66-8D37-B2D34A1C91AC}.Release|Any CPU.Build.0 = Release|Any CPU
		{B91C0D64-2666-4D66-8D37-B2D34A1C91AC}.Release|x64.ActiveCfg = Release|Any CPU
		{B91C0D64-2666-4D66-8D37-B2D34A1C91AC}.Release|x64.Build.0 = Release|Any CPU
		{B91C0D64-2666-4D66-8D37-B2D34A1C91AC}.Release|x86.ActiveCfg = Release|Any CPU
		{B91C0D64-2666-4D66-8D37-B2D34A1C91AC}.Release|x86.Build.0 = Release|Any CPU
	EndGlobalSection
	GlobalSection(SolutionProperties) = preSolution
		HideSolutionNode = FALSE
	EndGlobalSection
EndGlobal
